
Microsoft Visual Studio Solution File, Format Version 12.00
# Visual Studio 2012
Project("{E24C65DC-7377-472B-9ABA-BC803B73C61A}") = "Responsive Design", "http://localhost:50028", "{48ED61D0-4152-48FA-9101-2125BB77F654}"
	ProjectSection(WebsiteProperties) = preProject
		UseIISExpress = "true"
		TargetFrameworkMoniker = ".NETFramework,Version%3Dv4.0"
		Debug.AspNetCompiler.VirtualPath = "/localhost_50028"
		Debug.AspNetCompiler.PhysicalPath = "..\Responsive Design\"
		Debug.AspNetCompiler.TargetPath = "PrecompiledWeb\localhost_50028\"
		Debug.AspNetCompiler.Updateable = "true"
		Debug.AspNetCompiler.ForceOverwrite = "true"
		Debug.AspNetCompiler.FixedNames = "false"
		Debug.AspNetCompiler.Debug = "True"
		Release.AspNetCompiler.VirtualPath = "/localhost_50028"
		Release.AspNetCompiler.PhysicalPath = "..\Responsive Design\"
		Release.AspNetCompiler.TargetPath = "PrecompiledWeb\localhost_50028\"
		Release.AspNetCompiler.Updateable = "true"
		Release.AspNetCompiler.ForceOverwrite = "true"
		Release.AspNetCompiler.FixedNames = "false"
		Release.AspNetCompiler.Debug = "False"
		SlnRelativePath = "..\Responsive Design\"
	EndProjectSection
EndProject
Global
	GlobalSection(SolutionConfigurationPlatforms) = preSolution
		Debug|Any CPU = Debug|Any CPU
	EndGlobalSection
	GlobalSection(ProjectConfigurationPlatforms) = postSolution
		{48ED61D0-4152-48FA-9101-2125BB77F654}.Debug|Any CPU.ActiveCfg = Debug|Any CPU
		{48ED61D0-4152-48FA-9101-2125BB77F654}.Debug|Any CPU.Build.0 = Debug|Any CPU
	EndGlobalSection
	GlobalSection(SolutionProperties) = preSolution
		HideSolutionNode = FALSE
	EndGlobalSection
EndGlobal
