
Microsoft Visual Studio Solution File, Format Version 12.00
# Visual Studio 2012
Project("{E24C65DC-7377-472B-9ABA-BC803B73C61A}") = "Slice and Dice", "http://localhost:49165", "{0E6F2809-DCD9-4DD2-9F4A-E10FC39A3C3F}"
	ProjectSection(WebsiteProperties) = preProject
		UseIISExpress = "true"
		TargetFrameworkMoniker = ".NETFramework,Version%3Dv4.0"
		Debug.AspNetCompiler.VirtualPath = "/localhost_49165"
		Debug.AspNetCompiler.PhysicalPath = "..\Slice and Dice\"
		Debug.AspNetCompiler.TargetPath = "PrecompiledWeb\localhost_49165\"
		Debug.AspNetCompiler.Updateable = "true"
		Debug.AspNetCompiler.ForceOverwrite = "true"
		Debug.AspNetCompiler.FixedNames = "false"
		Debug.AspNetCompiler.Debug = "True"
		Release.AspNetCompiler.VirtualPath = "/localhost_49165"
		Release.AspNetCompiler.PhysicalPath = "..\Slice and Dice\"
		Release.AspNetCompiler.TargetPath = "PrecompiledWeb\localhost_49165\"
		Release.AspNetCompiler.Updateable = "true"
		Release.AspNetCompiler.ForceOverwrite = "true"
		Release.AspNetCompiler.FixedNames = "false"
		Release.AspNetCompiler.Debug = "False"
		SlnRelativePath = "..\Slice and Dice\"
	EndProjectSection
EndProject
Global
	GlobalSection(SolutionConfigurationPlatforms) = preSolution
		Debug|Any CPU = Debug|Any CPU
	EndGlobalSection
	GlobalSection(ProjectConfigurationPlatforms) = postSolution
		{0E6F2809-DCD9-4DD2-9F4A-E10FC39A3C3F}.Debug|Any CPU.ActiveCfg = Debug|Any CPU
		{0E6F2809-DCD9-4DD2-9F4A-E10FC39A3C3F}.Debug|Any CPU.Build.0 = Debug|Any CPU
	EndGlobalSection
	GlobalSection(SolutionProperties) = preSolution
		HideSolutionNode = FALSE
	EndGlobalSection
EndGlobal
